// !$*UTF8*$!
{
	archiveVersion = 1;
	classes = {
	};
	objectVersion = 56;
	objects = {

/* Begin PBXBuildFile section */
		524CA1C12AB2D5AA0034A28B /* AppDelegate.m in Sources */ = {isa = PBXBuildFile; fileRef = 524CA1C02AB2D5AA0034A28B /* AppDelegate.m */; };
		524CA1C42AB2D5AA0034A28B /* SceneDelegate.m in Sources */ = {isa = PBXBuildFile; fileRef = 524CA1C32AB2D5AA0034A28B /* SceneDelegate.m */; };
		524CA1C72AB2D5AA0034A28B /* ViewController.m in Sources */ = {isa = PBXBuildFile; fileRef = 524CA1C62AB2D5AA0034A28B /* ViewController.m */; };
		524CA1CA2AB2D5AA0034A28B /* Main.storyboard in Resources */ = {isa = PBXBuildFile; fileRef = 524CA1C82AB2D5AA0034A28B /* Main.storyboard */; };
		524CA1CC2AB2D5AB0034A28B /* Assets.xcassets in Resources */ = {isa = PBXBuildFile; fileRef = 524CA1CB2AB2D5AB0034A28B /* Assets.xcassets */; };
		524CA1CF2AB2D5AB0034A28B /* LaunchScreen.storyboard in Resources */ = {isa = PBXBuildFile; fileRef = 524CA1CD2AB2D5AB0034A28B /* LaunchScreen.storyboard */; };
		524CA1D22AB2D5AB0034A28B /* main.m in Sources */ = {isa = PBXBuildFile; fileRef = 524CA1D12AB2D5AB0034A28B /* main.m */; };
		524CA1DA2AB2D5C40034A28B /* Robot.m in Sources */ = {isa = PBXBuildFile; fileRef = 524CA1D92AB2D5C40034A28B /* Robot.m */; };
/* End PBXBuildFile section */

/* Begin PBXFileReference section */
		524CA1BC2AB2D5AA0034A28B /* Seminar6HW.app */ = {isa = PBXFileReference; explicitFileType = wrapper.application; includeInIndex = 0; path = Seminar6HW.app; sourceTree = BUILT_PRODUCTS_DIR; };
		524CA1BF2AB2D5AA0034A28B /* AppDelegate.h */ = {isa = PBXFileReference; lastKnownFileType = sourcecode.c.h; path = AppDelegate.h; sourceTree = "<group>"; };
		524CA1C02AB2D5AA0034A28B /* AppDelegate.m */ = {isa = PBXFileReference; lastKnownFileType = sourcecode.c.objc; path = AppDelegate.m; sourceTree = "<group>"; };
		524CA1C22AB2D5AA0034A28B /* SceneDelegate.h */ = {isa = PBXFileReference; lastKnownFileType = sourcecode.c.h; path = SceneDelegate.h; sourceTree = "<group>"; };
		524CA1C32AB2D5AA0034A28B /* SceneDelegate.m */ = {isa = PBXFileReference; lastKnownFileType = sourcecode.c.objc; path = SceneDelegate.m; sourceTree = "<group>"; };
		524CA1C52AB2D5AA0034A28B /* ViewController.h */ = {isa = PBXFileReference; lastKnownFileType = sourcecode.c.h; path = ViewController.h; sourceTree = "<group>"; };
		524CA1C62AB2D5AA0034A28B /* ViewController.m */ = {isa = PBXFileReference; lastKnownFileType = sourcecode.c.objc; path = ViewController.m; sourceTree = "<group>"; };
		524CA1C92AB2D5AA0034A28B /* Base */ = {isa = PBXFileReference; lastKnownFileType = file.storyboard; name = Base; path = Base.lproj/Main.storyboard; sourceTree = "<group>"; };
		524CA1CB2AB2D5AB0034A28B /* Assets.xcassets */ = {isa = PBXFileReference; lastKnownFileType = folder.assetcatalog; path = Assets.xcassets; sourceTree = "<group>"; };
		524CA1CE2AB2D5AB0034A28B /* Base */ = {isa = PBXFileReference; lastKnownFileType = file.storyboard; name = Base; path = Base.lproj/LaunchScreen.storyboard; sourceTree = "<group>"; };
		524CA1D02AB2D5AB0034A28B /* Info.plist */ = {isa = PBXFileReference; lastKnownFileType = text.plist.xml; path = Info.plist; sourceTree = "<group>"; };
		524CA1D12AB2D5AB0034A28B /* main.m */ = {isa = PBXFileReference; lastKnownFileType = sourcecode.c.objc; path = main.m; sourceTree = "<group>"; };
		524CA1D82AB2D5C40034A28B /* Robot.h */ = {isa = PBXFileReference; lastKnownFileType = sourcecode.c.h; path = Robot.h; sourceTree = "<group>"; };
		524CA1D92AB2D5C40034A28B /* Robot.m */ = {isa = PBXFileReference; lastKnownFileType = sourcecode.c.objc; path = Robot.m; sourceTree = "<group>"; };
/* End PBXFileReference section */

/* Begin PBXFrameworksBuildPhase section */
		524CA1B92AB2D5AA0034A28B /* Frameworks */ = {
			isa = PBXFrameworksBuildPhase;
			buildActionMask = 2147483647;
			files = (
			);
			runOnlyForDeploymentPostprocessing = 0;
		};
/* End PBXFrameworksBuildPhase section */

/* Begin PBXGroup section */
		524CA1B32AB2D5AA0034A28B = {
			isa = PBXGroup;
			children = (
				524CA1BE2AB2D5AA0034A28B /* Seminar6HW */,
				524CA1BD2AB2D5AA0034A28B /* Products */,
			);
			sourceTree = "<group>";
		};
		524CA1BD2AB2D5AA0034A28B /* Products */ = {
			isa = PBXGroup;
			children = (
				524CA1BC2AB2D5AA0034A28B /* Seminar6HW.app */,
			);
			name = Products;
			sourceTree = "<group>";
		};
		524CA1BE2AB2D5AA0034A28B /* Seminar6HW */ = {
			isa = PBXGroup;
			children = (
				524CA1BF2AB2D5AA0034A28B /* AppDelegate.h */,
				524CA1C02AB2D5AA0034A28B /* AppDelegate.m */,
				524CA1C22AB2D5AA0034A28B /* SceneDelegate.h */,
				524CA1C32AB2D5AA0034A28B /* SceneDelegate.m */,
				524CA1C52AB2D5AA0034A28B /* ViewController.h */,
				524CA1D82AB2D5C40034A28B /* Robot.h */,
				524CA1D92AB2D5C40034A28B /* Robot.m */,
				524CA1C62AB2D5AA0034A28B /* ViewController.m */,
				524CA1C82AB2D5AA0034A28B /* Main.storyboard */,
				524CA1CB2AB2D5AB0034A28B /* Assets.xcassets */,
				524CA1CD2AB2D5AB0034A28B /* LaunchScreen.storyboard */,
				524CA1D02AB2D5AB0034A28B /* Info.plist */,
				524CA1D12AB2D5AB0034A28B /* main.m */,
			);
			path = Seminar6HW;
			sourceTree = "<group>";
		};
/* End PBXGroup section */

/* Begin PBXNativeTarget section */
		524CA1BB2AB2D5AA0034A28B /* Seminar6HW */ = {
			isa = PBXNativeTarget;
			buildConfigurationList = 524CA1D52AB2D5AB0034A28B /* Build configuration list for PBXNativeTarget "Seminar6HW" */;
			buildPhases = (
				524CA1B82AB2D5AA0034A28B /* Sources */,
				524CA1B92AB2D5AA0034A28B /* Frameworks */,
				524CA1BA2AB2D5AA0034A28B /* Resources */,
			);
			buildRules = (
			);
			dependencies = (
			);
			name = Seminar6HW;
			productName = Seminar6HW;
			productReference = 524CA1BC2AB2D5AA0034A28B /* Seminar6HW.app */;
			productType = "com.apple.product-type.application";
		};
/* End PBXNativeTarget section */

/* Begin PBXProject section */
		524CA1B42AB2D5AA0034A28B /* Project object */ = {
			isa = PBXProject;
			attributes = {
				BuildIndependentTargetsInParallel = 1;
				LastUpgradeCheck = 1430;
				TargetAttributes = {
					524CA1BB2AB2D5AA0034A28B = {
						CreatedOnToolsVersion = 14.3.1;
					};
				};
			};
			buildConfigurationList = 524CA1B72AB2D5AA0034A28B /* Build configuration list for PBXProject "Seminar6HW" */;
			compatibilityVersion = "Xcode 14.0";
			developmentRegion = en;
			hasScannedForEncodings = 0;
			knownRegions = (
				en,
				Base,
			);
			mainGroup = 524CA1B32AB2D5AA0034A28B;
			productRefGroup = 524CA1BD2AB2D5AA0034A28B /* Products */;
			projectDirPath = "";
			projectRoot = "";
			targets = (
				524CA1BB2AB2D5AA0034A28B /* Seminar6HW */,
			);
		};
/* End PBXProject section */

/* Begin PBXResourcesBuildPhase section */
		524CA1BA2AB2D5AA0034A28B /* Resources */ = {
			isa = PBXResourcesBuildPhase;
			buildActionMask = 2147483647;
			files = (
				524CA1CF2AB2D5AB0034A28B /* LaunchScreen.storyboard in Resources */,
				524CA1CC2AB2D5AB0034A28B /* Assets.xcassets in Resources */,
				524CA1CA2AB2D5AA0034A28B /* Main.storyboard in Resources */,
			);
			runOnlyForDeploymentPostprocessing = 0;
		};
/* End PBXResourcesBuildPhase section */

/* Begin PBXSourcesBuildPhase section */
		524CA1B82AB2D5AA0034A28B /* Sources */ = {
			isa = PBXSourcesBuildPhase;
			buildActionMask = 2147483647;
			files = (
				524CA1C72AB2D5AA0034A28B /* ViewController.m in Sources */,
				524CA1C12AB2D5AA0034A28B /* AppDelegate.m in Sources */,
				524CA1D22AB2D5AB0034A28B /* main.m in Sources */,
				524CA1C42AB2D5AA0034A28B /* SceneDelegate.m in Sources */,
				524CA1DA2AB2D5C40034A28B /* Robot.m in Sources */,
			);
			runOnlyForDeploymentPostprocessing = 0;
		};
/* End PBXSourcesBuildPhase section */

/* Begin PBXVariantGroup section */
		524CA1C82AB2D5AA0034A28B /* Main.storyboard */ = {
			isa = PBXVariantGroup;
			children = (
				524CA1C92AB2D5AA0034A28B /* Base */,
			);
			name = Main.storyboard;
			sourceTree = "<group>";
		};
		524CA1CD2AB2D5AB0034A28B /* LaunchScreen.storyboard */ = {
			isa = PBXVariantGroup;
			children = (
				524CA1CE2AB2D5AB0034A28B /* Base */,
			);
			name = LaunchScreen.storyboard;
			sourceTree = "<group>";
		};
/* End PBXVariantGroup section */

/* Begin XCBuildConfiguration section */
		524CA1D32AB2D5AB0034A28B /* Debug */ = {
			isa = XCBuildConfiguration;
			buildSettings = {
				ALWAYS_SEARCH_USER_PATHS = NO;
				CLANG_ANALYZER_NONNULL = YES;
				CLANG_ANALYZER_NUMBER_OBJECT_CONVERSION = YES_AGGRESSIVE;
				CLANG_CXX_LANGUAGE_STANDARD = "gnu++20";
				CLANG_ENABLE_MODULES = YES;
				CLANG_ENABLE_OBJC_ARC = YES;
				CLANG_ENABLE_OBJC_WEAK = YES;
				CLANG_WARN_BLOCK_CAPTURE_AUTORELEASING = YES;
				CLANG_WARN_BOOL_CONVERSION = YES;
				CLANG_WARN_COMMA = YES;
				CLANG_WARN_CONSTANT_CONVERSION = YES;
				CLANG_WARN_DEPRECATED_OBJC_IMPLEMENTATIONS = YES;
				CLANG_WARN_DIRECT_OBJC_ISA_USAGE = YES_ERROR;
				CLANG_WARN_DOCUMENTATION_COMMENTS = YES;
				CLANG_WARN_EMPTY_BODY = YES;
				CLANG_WARN_ENUM_CONVERSION = YES;
				CLANG_WARN_INFINITE_RECURSION = YES;
				CLANG_WARN_INT_CONVERSION = YES;
				CLANG_WARN_NON_LITERAL_NULL_CONVERSION = YES;
				CLANG_WARN_OBJC_IMPLICIT_RETAIN_SELF = YES;
				CLANG_WARN_OBJC_LITERAL_CONVERSION = YES;
				CLANG_WARN_OBJC_ROOT_CLASS = YES_ERROR;
				CLANG_WARN_QUOTED_INCLUDE_IN_FRAMEWORK_HEADER = YES;
				CLANG_WARN_RANGE_LOOP_ANALYSIS = YES;
				CLANG_WARN_STRICT_PROTOTYPES = YES;
				CLANG_WARN_SUSPICIOUS_MOVE = YES;
				CLANG_WARN_UNGUARDED_AVAILABILITY = YES_AGGRESSIVE;
				CLANG_WARN_UNREACHABLE_CODE = YES;
				CLANG_WARN__DUPLICATE_METHOD_MATCH = YES;
				COPY_PHASE_STRIP = NO;
				DEBUG_INFORMATION_FORMAT = dwarf;
				ENABLE_STRICT_OBJC_MSGSEND = YES;
				ENABLE_TESTABILITY = YES;
				GCC_C_LANGUAGE_STANDARD = gnu11;
				GCC_DYNAMIC_NO_PIC = NO;
				GCC_NO_COMMON_BLOCKS = YES;
				GCC_OPTIMIZATION_LEVEL = 0;
				GCC_PREPROCESSOR_DEFINITIONS = (
					"DEBUG=1",
					"$(inherited)",
				);
				GCC_WARN_64_TO_32_BIT_CONVERSION = YES;
				GCC_WARN_ABOUT_RETURN_TYPE = YES_ERROR;
				GCC_WARN_UNDECLARED_SELECTOR = YES;
				GCC_WARN_UNINITIALIZED_AUTOS = YES_AGGRESSIVE;
				GCC_WARN_UNUSED_FUNCTION = YES;
				GCC_WARN_UNUSED_VARIABLE = YES;
				IPHONEOS_DEPLOYMENT_TARGET = 16.4;
				MTL_ENABLE_DEBUG_INFO = INCLUDE_SOURCE;
				MTL_FAST_MATH = YES;
				ONLY_ACTIVE_ARCH = YES;
				SDKROOT = iphoneos;
			};
			name = Debug;
		};
		524CA1D42AB2D5AB0034A28B /* Release */ = {
			isa = XCBuildConfiguration;
			buildSettings = {
				ALWAYS_SEARCH_USER_PATHS = NO;
				CLANG_ANALYZER_NONNULL = YES;
				CLANG_ANALYZER_NUMBER_OBJECT_CONVERSION = YES_AGGRESSIVE;
				CLANG_CXX_LANGUAGE_STANDARD = "gnu++20";
				CLANG_ENABLE_MODULES = YES;
				CLANG_ENABLE_OBJC_ARC = YES;
				CLANG_ENABLE_OBJC_WEAK = YES;
				CLANG_WARN_BLOCK_CAPTURE_AUTORELEASING = YES;
				CLANG_WARN_BOOL_CONVERSION = YES;
				CLANG_WARN_COMMA = YES;
				CLANG_WARN_CONSTANT_CONVERSION = YES;
				CLANG_WARN_DEPRECATED_OBJC_IMPLEMENTATIONS = YES;
				CLANG_WARN_DIRECT_OBJC_ISA_USAGE = YES_ERROR;
				CLANG_WARN_DOCUMENTATION_COMMENTS = YES;
				CLANG_WARN_EMPTY_BODY = YES;
				CLANG_WARN_ENUM_CONVERSION = YES;
				CLANG_WARN_INFINITE_RECURSION = YES;
				CLANG_WARN_INT_CONVERSION = YES;
				CLANG_WARN_NON_LITERAL_NULL_CONVERSION = YES;
				CLANG_WARN_OBJC_IMPLICIT_RETAIN_SELF = YES;
				CLANG_WARN_OBJC_LITERAL_CONVERSION = YES;
				CLANG_WARN_OBJC_ROOT_CLASS = YES_ERROR;
				CLANG_WARN_QUOTED_INCLUDE_IN_FRAMEWORK_HEADER = YES;
				CLANG_WARN_RANGE_LOOP_ANALYSIS = YES;
				CLANG_WARN_STRICT_PROTOTYPES = YES;
				CLANG_WARN_SUSPICIOUS_MOVE = YES;
				CLANG_WARN_UNGUARDED_AVAILABILITY = YES_AGGRESSIVE;
				CLANG_WARN_UNREACHABLE_CODE = YES;
				CLANG_WARN__DUPLICATE_METHOD_MATCH = YES;
				COPY_PHASE_STRIP = NO;
				DEBUG_INFORMATION_FORMAT = "dwarf-with-dsym";
				ENABLE_NS_ASSERTIONS = NO;
				ENABLE_STRICT_OBJC_MSGSEND = YES;
				GCC_C_LANGUAGE_STANDARD = gnu11;
				GCC_NO_COMMON_BLOCKS = YES;
				GCC_WARN_64_TO_32_BIT_CONVERSION = YES;
				GCC_WARN_ABOUT_RETURN_TYPE = YES_ERROR;
				GCC_WARN_UNDECLARED_SELECTOR = YES;
				GCC_WARN_UNINITIALIZED_AUTOS = YES_AGGRESSIVE;
				GCC_WARN_UNUSED_FUNCTION = YES;
				GCC_WARN_UNUSED_VARIABLE = YES;
				IPHONEOS_DEPLOYMENT_TARGET = 16.4;
				MTL_ENABLE_DEBUG_INFO = NO;
				MTL_FAST_MATH = YES;
				SDKROOT = iphoneos;
				VALIDATE_PRODUCT = YES;
			};
			name = Release;
		};
		524CA1D62AB2D5AB0034A28B /* Debug */ = {
			isa = XCBuildConfiguration;
			buildSettings = {
				ASSETCATALOG_COMPILER_APPICON_NAME = AppIcon;
				ASSETCATALOG_COMPILER_GLOBAL_ACCENT_COLOR_NAME = AccentColor;
				CODE_SIGN_STYLE = Automatic;
				CURRENT_PROJECT_VERSION = 1;
				GENERATE_INFOPLIST_FILE = YES;
				INFOPLIST_FILE = Seminar6HW/Info.plist;
				INFOPLIST_KEY_UIApplicationSupportsIndirectInputEvents = YES;
				INFOPLIST_KEY_UILaunchStoryboardName = LaunchScreen;
				INFOPLIST_KEY_UIMainStoryboardFile = Main;
				INFOPLIST_KEY_UISupportedInterfaceOrientations_iPad = "UIInterfaceOrientationPortrait UIInterfaceOrientationPortraitUpsideDown UIInterfaceOrientationLandscapeLeft UIInterfaceOrientationLandscapeRight";
				INFOPLIST_KEY_UISupportedInterfaceOrientations_iPhone = "UIInterfaceOrientationPortrait UIInterfaceOrientationLandscapeLeft UIInterfaceOrientationLandscapeRight";
				LD_RUNPATH_SEARCH_PATHS = (
					"$(inherited)",
					"@executable_path/Frameworks",
				);
				MARKETING_VERSION = 1.0;
				PRODUCT_BUNDLE_IDENTIFIER = vv.Seminar6HW;
				PRODUCT_NAME = "$(TARGET_NAME)";
				SWIFT_EMIT_LOC_STRINGS = YES;
				TARGETED_DEVICE_FAMILY = "1,2";
			};
			name = Debug;
		};
		524CA1D72AB2D5AB0034A28B /* Release */ = {
			isa = XCBuildConfiguration;
			buildSettings = {
				ASSETCATALOG_COMPILER_APPICON_NAME = AppIcon;
				ASSETCATALOG_COMPILER_GLOBAL_ACCENT_COLOR_NAME = AccentColor;
				CODE_SIGN_STYLE = Automatic;
				CURRENT_PROJECT_VERSION = 1;
				GENERATE_INFOPLIST_FILE = YES;
				INFOPLIST_FILE = Seminar6HW/Info.plist;
				INFOPLIST_KEY_UIApplicationSupportsIndirectInputEvents = YES;
				INFOPLIST_KEY_UILaunchStoryboardName = LaunchScreen;
				INFOPLIST_KEY_UIMainStoryboardFile = Main;
				INFOPLIST_KEY_UISupportedInterfaceOrientations_iPad = "UIInterfaceOrientationPortrait UIInterfaceOrientationPortraitUpsideDown UIInterfaceOrientationLandscapeLeft UIInterfaceOrientationLandscapeRight";
				INFOPLIST_KEY_UISupportedInterfaceOrientations_iPhone = "UIInterfaceOrientationPortrait UIInterfaceOrientationLandscapeLeft UIInterfaceOrientationLandscapeRight";
				LD_RUNPATH_SEARCH_PATHS = (
					"$(inherited)",
					"@executable_path/Frameworks",
				);
				MARKETING_VERSION = 1.0;
				PRODUCT_BUNDLE_IDENTIFIER = vv.Seminar6HW;
				PRODUCT_NAME = "$(TARGET_NAME)";
				SWIFT_EMIT_LOC_STRINGS = YES;
				TARGETED_DEVICE_FAMILY = "1,2";
			};
			name = Release;
		};
/* End XCBuildConfiguration section */

/* Begin XCConfigurationList section */
		524CA1B72AB2D5AA0034A28B /* Build configuration list for PBXProject "Seminar6HW" */ = {
			isa = XCConfigurationList;
			buildConfigurations = (
				524CA1D32AB2D5AB0034A28B /* Debug */,
				524CA1D42AB2D5AB0034A28B /* Release */,
			);
			defaultConfigurationIsVisible = 0;
			defaultConfigurationName = Release;
		};
		524CA1D52AB2D5AB0034A28B /* Build configuration list for PBXNativeTarget "Seminar6HW" */ = {
			isa = XCConfigurationList;
			buildConfigurations = (
				524CA1D62AB2D5AB0034A28B /* Debug */,
				524CA1D72AB2D5AB0034A28B /* Release */,
			);
			defaultConfigurationIsVisible = 0;
			defaultConfigurationName = Release;
		};
/* End XCConfigurationList section */
	};
	rootObject = 524CA1B42AB2D5AA0034A28B /* Project object */;
}
